{
  "name": "reality-runtime",
  "version": "0.1.0",
  "lockfileVersion": 3,
  "requires": true,
  "packages": {
    "": {
      "name": "reality-runtime",
      "version": "0.1.0",
      "license": "MIT",
      "dependencies": {
        "@feltdb/core": "^0.11.8"
      }
    },
    "node_modules/@feltdb/core": {
      "version": "0.11.8",
      "resolved": "https://registry.npmjs.org/@feltdb/core/-/core-0.11.8.tgz",
      "integrity": "sha512-Hm/Ts8sjzhd44QkbDrZzDKUJMYnQzdBBsVatLz1Ys9CgJ2F9eiKk7VlXqw4vH5w6EgqHYGvIOs5+uZf9Iwr+MQ==",
      "license": "MIT",
      "bin": {
        "create-feltdb": "bin/create-feltdb.js",
        "feltdb": "bin/feltdb.js"
      },
      "engines": {
        "node": ">=14"
      },
      "peerDependencies": {
        "react": "^16.8.0 || ^17.0.0 || ^18.0.0 || ^19.0.0",
        "react-dom": "^16.8.0 || ^17.0.0 || ^18.0.0 || ^19.0.0",
        "react-router-dom": "^7.0.0"
      },
      "peerDependenciesMeta": {
        "react": {
          "optional": true
        },
        "react-dom": {
          "optional": true
        },
        "react-router-dom": {
          "optional": true
        }
      }
    }
  }
}
